
Microsoft Visual Studio Solution File, Format Version 12.00
# Visual Studio Version 17
VisualStudioVersion = 17.9.34616.47
MinimumVisualStudioVersion = 10.0.40219.1
Project("{FAE04EC0-301F-11D3-BF4B-00C04F79EFBC}") = "NextNumber", "NextNumber.csproj", "{338A0CFF-FE6A-41FF-B401-CEB9DD1BA766}"
EndProject
Global
	GlobalSection(SolutionConfigurationPlatforms) = preSolution
		Debug|Any CPU = Debug|Any CPU
		Release|Any CPU = Release|Any CPU
	EndGlobalSection
	GlobalSection(ProjectConfigurationPlatforms) = postSolution
		{338A0CFF-FE6A-41FF-B401-CEB9DD1BA766}.Debug|Any CPU.ActiveCfg = Debug|Any CPU
		{338A0CFF-FE6A-41FF-B401-CEB9DD1BA766}.Debug|Any CPU.Build.0 = Debug|Any CPU
		{338A0CFF-FE6A-41FF-B401-CEB9DD1BA766}.Release|Any CPU.ActiveCfg = Release|Any CPU
		{338A0CFF-FE6A-41FF-B401-CEB9DD1BA766}.Release|Any CPU.Build.0 = Release|Any CPU
	EndGlobalSection
	GlobalSection(SolutionProperties) = preSolution
		HideSolutionNode = FALSE
	EndGlobalSection
	GlobalSection(ExtensibilityGlobals) = postSolution
		SolutionGuid = {0EF2E184-2EB6-42AC-8A3E-FC11190552A8}
	EndGlobalSection
EndGlobal
