
Microsoft Visual Studio Solution File, Format Version 12.00
# Visual Studio Version 17
VisualStudioVersion = 17.9.34616.47
MinimumVisualStudioVersion = 10.0.40219.1
Project("{FAE04EC0-301F-11D3-BF4B-00C04F79EFBC}") = "maiorque10", "maiorque10.csproj", "{FE50EBA0-CDA7-4DC5-9C3C-2B7146BE8E22}"
EndProject
Global
	GlobalSection(SolutionConfigurationPlatforms) = preSolution
		Debug|Any CPU = Debug|Any CPU
		Release|Any CPU = Release|Any CPU
	EndGlobalSection
	GlobalSection(ProjectConfigurationPlatforms) = postSolution
		{FE50EBA0-CDA7-4DC5-9C3C-2B7146BE8E22}.Debug|Any CPU.ActiveCfg = Debug|Any CPU
		{FE50EBA0-CDA7-4DC5-9C3C-2B7146BE8E22}.Debug|Any CPU.Build.0 = Debug|Any CPU
		{FE50EBA0-CDA7-4DC5-9C3C-2B7146BE8E22}.Release|Any CPU.ActiveCfg = Release|Any CPU
		{FE50EBA0-CDA7-4DC5-9C3C-2B7146BE8E22}.Release|Any CPU.Build.0 = Release|Any CPU
	EndGlobalSection
	GlobalSection(SolutionProperties) = preSolution
		HideSolutionNode = FALSE
	EndGlobalSection
	GlobalSection(ExtensibilityGlobals) = postSolution
		SolutionGuid = {56E7F3F6-C0D7-4DCE-9292-828893A3E145}
	EndGlobalSection
EndGlobal
