
Microsoft Visual Studio Solution File, Format Version 12.00
# Visual Studio Version 17
VisualStudioVersion = 17.9.34616.47
MinimumVisualStudioVersion = 10.0.40219.1
Project("{FAE04EC0-301F-11D3-BF4B-00C04F79EFBC}") = "value10", "value10.csproj", "{5BC5C16E-C51F-47F7-8DB2-8AE702D0EA41}"
EndProject
Global
	GlobalSection(SolutionConfigurationPlatforms) = preSolution
		Debug|Any CPU = Debug|Any CPU
		Release|Any CPU = Release|Any CPU
	EndGlobalSection
	GlobalSection(ProjectConfigurationPlatforms) = postSolution
		{5BC5C16E-C51F-47F7-8DB2-8AE702D0EA41}.Debug|Any CPU.ActiveCfg = Debug|Any CPU
		{5BC5C16E-C51F-47F7-8DB2-8AE702D0EA41}.Debug|Any CPU.Build.0 = Debug|Any CPU
		{5BC5C16E-C51F-47F7-8DB2-8AE702D0EA41}.Release|Any CPU.ActiveCfg = Release|Any CPU
		{5BC5C16E-C51F-47F7-8DB2-8AE702D0EA41}.Release|Any CPU.Build.0 = Release|Any CPU
	EndGlobalSection
	GlobalSection(SolutionProperties) = preSolution
		HideSolutionNode = FALSE
	EndGlobalSection
	GlobalSection(ExtensibilityGlobals) = postSolution
		SolutionGuid = {4C70854B-9836-44F0-979A-E3150644420E}
	EndGlobalSection
EndGlobal
