
Microsoft Visual Studio Solution File, Format Version 12.00
# Visual Studio Version 17
VisualStudioVersion = 17.9.34616.47
MinimumVisualStudioVersion = 10.0.40219.1
Project("{FAE04EC0-301F-11D3-BF4B-00C04F79EFBC}") = "Between6", "Between6.csproj", "{8E2D4543-E79C-4C5D-A70A-E97F47BF8BDD}"
EndProject
Global
	GlobalSection(SolutionConfigurationPlatforms) = preSolution
		Debug|Any CPU = Debug|Any CPU
		Release|Any CPU = Release|Any CPU
	EndGlobalSection
	GlobalSection(ProjectConfigurationPlatforms) = postSolution
		{8E2D4543-E79C-4C5D-A70A-E97F47BF8BDD}.Debug|Any CPU.ActiveCfg = Debug|Any CPU
		{8E2D4543-E79C-4C5D-A70A-E97F47BF8BDD}.Debug|Any CPU.Build.0 = Debug|Any CPU
		{8E2D4543-E79C-4C5D-A70A-E97F47BF8BDD}.Release|Any CPU.ActiveCfg = Release|Any CPU
		{8E2D4543-E79C-4C5D-A70A-E97F47BF8BDD}.Release|Any CPU.Build.0 = Release|Any CPU
	EndGlobalSection
	GlobalSection(SolutionProperties) = preSolution
		HideSolutionNode = FALSE
	EndGlobalSection
	GlobalSection(ExtensibilityGlobals) = postSolution
		SolutionGuid = {7831683E-B0E7-49F5-A0B1-63A5B6BBD9F9}
	EndGlobalSection
EndGlobal
